
Microsoft Visual Studio Solution File, Format Version 11.00
# Visual Studio 2010
Project("{FAE04EC0-301F-11D3-BF4B-00C04F79EFBC}") = "vuuvv.web", "src\vuuvv.web\vuuvv.web.csproj", "{99CF66BD-6816-4154-A979-4DFA63BE45DD}"
EndProject
Project("{FAE04EC0-301F-11D3-BF4B-00C04F79EFBC}") = "vuuvv.utils", "src\vuuvv.utils\vuuvv.utils.csproj", "{C678F4FA-8772-4641-B663-D9D0CC01B60D}"
EndProject
Project("{FAE04EC0-301F-11D3-BF4B-00C04F79EFBC}") = "vuuvv.data", "src\vuuvv.data\vuuvv.data.csproj", "{A0763242-1439-4953-BFC4-6F8CEC05FE49}"
EndProject
Project("{FAE04EC0-301F-11D3-BF4B-00C04F79EFBC}") = "vuuvv.core", "src\vuuvv.core\vuuvv.core.csproj", "{86109CE9-696E-477D-8AE6-2ECD844D09C2}"
EndProject
Global
	GlobalSection(SolutionConfigurationPlatforms) = preSolution
		Debug|Any CPU = Debug|Any CPU
		Release|Any CPU = Release|Any CPU
	EndGlobalSection
	GlobalSection(ProjectConfigurationPlatforms) = postSolution
		{99CF66BD-6816-4154-A979-4DFA63BE45DD}.Debug|Any CPU.ActiveCfg = Debug|Any CPU
		{99CF66BD-6816-4154-A979-4DFA63BE45DD}.Debug|Any CPU.Build.0 = Debug|Any CPU
		{99CF66BD-6816-4154-A979-4DFA63BE45DD}.Release|Any CPU.ActiveCfg = Release|Any CPU
		{99CF66BD-6816-4154-A979-4DFA63BE45DD}.Release|Any CPU.Build.0 = Release|Any CPU
		{C678F4FA-8772-4641-B663-D9D0CC01B60D}.Debug|Any CPU.ActiveCfg = Debug|Any CPU
		{C678F4FA-8772-4641-B663-D9D0CC01B60D}.Debug|Any CPU.Build.0 = Debug|Any CPU
		{C678F4FA-8772-4641-B663-D9D0CC01B60D}.Release|Any CPU.ActiveCfg = Release|Any CPU
		{C678F4FA-8772-4641-B663-D9D0CC01B60D}.Release|Any CPU.Build.0 = Release|Any CPU
		{A0763242-1439-4953-BFC4-6F8CEC05FE49}.Debug|Any CPU.ActiveCfg = Debug|Any CPU
		{A0763242-1439-4953-BFC4-6F8CEC05FE49}.Debug|Any CPU.Build.0 = Debug|Any CPU
		{A0763242-1439-4953-BFC4-6F8CEC05FE49}.Release|Any CPU.ActiveCfg = Release|Any CPU
		{A0763242-1439-4953-BFC4-6F8CEC05FE49}.Release|Any CPU.Build.0 = Release|Any CPU
		{86109CE9-696E-477D-8AE6-2ECD844D09C2}.Debug|Any CPU.ActiveCfg = Debug|Any CPU
		{86109CE9-696E-477D-8AE6-2ECD844D09C2}.Debug|Any CPU.Build.0 = Debug|Any CPU
		{86109CE9-696E-477D-8AE6-2ECD844D09C2}.Release|Any CPU.ActiveCfg = Release|Any CPU
		{86109CE9-696E-477D-8AE6-2ECD844D09C2}.Release|Any CPU.Build.0 = Release|Any CPU
	EndGlobalSection
	GlobalSection(SolutionProperties) = preSolution
		HideSolutionNode = FALSE
	EndGlobalSection
EndGlobal
